
Microsoft Visual Studio Solution File, Format Version 12.00
# Visual Studio Version 17
VisualStudioVersion = 17.8.34330.188
MinimumVisualStudioVersion = 10.0.40219.1
Project("{9A19103F-16F7-4668-BE54-9A1E7A4F7556}") = "AzurefunctionsApp", "AzurefunctionsApp\AzurefunctionsApp.csproj", "{DD8A53F6-50FB-4FAF-9981-F0A6CF3C6692}"
EndProject
Global
	GlobalSection(SolutionConfigurationPlatforms) = preSolution
		Debug|Any CPU = Debug|Any CPU
		Release|Any CPU = Release|Any CPU
	EndGlobalSection
	GlobalSection(ProjectConfigurationPlatforms) = postSolution
		{DD8A53F6-50FB-4FAF-9981-F0A6CF3C6692}.Debug|Any CPU.ActiveCfg = Debug|Any CPU
		{DD8A53F6-50FB-4FAF-9981-F0A6CF3C6692}.Debug|Any CPU.Build.0 = Debug|Any CPU
		{DD8A53F6-50FB-4FAF-9981-F0A6CF3C6692}.Release|Any CPU.ActiveCfg = Release|Any CPU
		{DD8A53F6-50FB-4FAF-9981-F0A6CF3C6692}.Release|Any CPU.Build.0 = Release|Any CPU
	EndGlobalSection
	GlobalSection(SolutionProperties) = preSolution
		HideSolutionNode = FALSE
	EndGlobalSection
	GlobalSection(ExtensibilityGlobals) = postSolution
		SolutionGuid = {76ADA17F-275C-45F3-9182-E633CAF229A3}
	EndGlobalSection
EndGlobal
