
Microsoft Visual Studio Solution File, Format Version 12.00
# Visual Studio Version 17
VisualStudioVersion = 17.14.36203.30 d17.14
MinimumVisualStudioVersion = 10.0.40219.1
Project("{FAE04EC0-301F-11D3-BF4B-00C04F79EFBC}") = "RetryOnFailureApp", "RetryOnFailureApp\RetryOnFailureApp.csproj", "{00908FB8-B981-4203-AF5D-773E2220DFF1}"
EndProject
Global
	GlobalSection(SolutionConfigurationPlatforms) = preSolution
		Debug|Any CPU = Debug|Any CPU
		Release|Any CPU = Release|Any CPU
	EndGlobalSection
	GlobalSection(ProjectConfigurationPlatforms) = postSolution
		{00908FB8-B981-4203-AF5D-773E2220DFF1}.Debug|Any CPU.ActiveCfg = Debug|Any CPU
		{00908FB8-B981-4203-AF5D-773E2220DFF1}.Debug|Any CPU.Build.0 = Debug|Any CPU
		{00908FB8-B981-4203-AF5D-773E2220DFF1}.Release|Any CPU.ActiveCfg = Release|Any CPU
		{00908FB8-B981-4203-AF5D-773E2220DFF1}.Release|Any CPU.Build.0 = Release|Any CPU
	EndGlobalSection
	GlobalSection(SolutionProperties) = preSolution
		HideSolutionNode = FALSE
	EndGlobalSection
	GlobalSection(ExtensibilityGlobals) = postSolution
		SolutionGuid = {EFB44BF5-4282-42BB-AB5E-9F478D4A1921}
	EndGlobalSection
EndGlobal
