
Microsoft Visual Studio Solution File, Format Version 12.00
# Visual Studio Version 17
VisualStudioVersion = 17.14.36203.30 d17.14
MinimumVisualStudioVersion = 10.0.40219.1
Project("{FAE04EC0-301F-11D3-BF4B-00C04F79EFBC}") = "ReplayAndCheckPoint", "ReplayAndCheckPoint\ReplayAndCheckPoint.csproj", "{E743522D-44F9-42C0-A030-F89BA7EE32DF}"
EndProject
Global
	GlobalSection(SolutionConfigurationPlatforms) = preSolution
		Debug|Any CPU = Debug|Any CPU
		Release|Any CPU = Release|Any CPU
	EndGlobalSection
	GlobalSection(ProjectConfigurationPlatforms) = postSolution
		{E743522D-44F9-42C0-A030-F89BA7EE32DF}.Debug|Any CPU.ActiveCfg = Debug|Any CPU
		{E743522D-44F9-42C0-A030-F89BA7EE32DF}.Debug|Any CPU.Build.0 = Debug|Any CPU
		{E743522D-44F9-42C0-A030-F89BA7EE32DF}.Release|Any CPU.ActiveCfg = Release|Any CPU
		{E743522D-44F9-42C0-A030-F89BA7EE32DF}.Release|Any CPU.Build.0 = Release|Any CPU
	EndGlobalSection
	GlobalSection(SolutionProperties) = preSolution
		HideSolutionNode = FALSE
	EndGlobalSection
	GlobalSection(ExtensibilityGlobals) = postSolution
		SolutionGuid = {8FA4BBF9-40CC-4B76-B1EC-DD896E196031}
	EndGlobalSection
EndGlobal
