
Microsoft Visual Studio Solution File, Format Version 12.00
# Visual Studio Version 17
VisualStudioVersion = 17.14.36203.30 d17.14
MinimumVisualStudioVersion = 10.0.40219.1
Project("{FAE04EC0-301F-11D3-BF4B-00C04F79EFBC}") = "DurableEntityFunctionAppExample", "DurableEntityFunctionAppExample\DurableEntityFunctionAppExample.csproj", "{F21C87B4-E0C0-4F00-9E8E-022D3F02EBB5}"
EndProject
Global
	GlobalSection(SolutionConfigurationPlatforms) = preSolution
		Debug|Any CPU = Debug|Any CPU
		Release|Any CPU = Release|Any CPU
	EndGlobalSection
	GlobalSection(ProjectConfigurationPlatforms) = postSolution
		{F21C87B4-E0C0-4F00-9E8E-022D3F02EBB5}.Debug|Any CPU.ActiveCfg = Debug|Any CPU
		{F21C87B4-E0C0-4F00-9E8E-022D3F02EBB5}.Debug|Any CPU.Build.0 = Debug|Any CPU
		{F21C87B4-E0C0-4F00-9E8E-022D3F02EBB5}.Release|Any CPU.ActiveCfg = Release|Any CPU
		{F21C87B4-E0C0-4F00-9E8E-022D3F02EBB5}.Release|Any CPU.Build.0 = Release|Any CPU
	EndGlobalSection
	GlobalSection(SolutionProperties) = preSolution
		HideSolutionNode = FALSE
	EndGlobalSection
	GlobalSection(ExtensibilityGlobals) = postSolution
		SolutionGuid = {11DA7E41-6023-4574-ACED-D476DF1425BB}
	EndGlobalSection
EndGlobal
